
Microsoft Visual Studio Solution File, Format Version 12.00
Project("{FAE04EC0-301F-11D3-BF4B-00C04F79EFBC}") = "FooBarQixKata", "FooBarQixKata.csproj", "{BBAC45A4-5652-4C00-800A-188C2B549E18}"
EndProject
Global
	GlobalSection(SolutionConfigurationPlatforms) = preSolution
		Debug|Any CPU = Debug|Any CPU
		Release|Any CPU = Release|Any CPU
	EndGlobalSection
	GlobalSection(ProjectConfigurationPlatforms) = postSolution
		{BBAC45A4-5652-4C00-800A-188C2B549E18}.Debug|Any CPU.ActiveCfg = Debug|Any CPU
		{BBAC45A4-5652-4C00-800A-188C2B549E18}.Debug|Any CPU.Build.0 = Debug|Any CPU
		{BBAC45A4-5652-4C00-800A-188C2B549E18}.Release|Any CPU.ActiveCfg = Release|Any CPU
		{BBAC45A4-5652-4C00-800A-188C2B549E18}.Release|Any CPU.Build.0 = Release|Any CPU
	EndGlobalSection
EndGlobal
